
Microsoft Visual Studio Solution File, Format Version 12.00
# Visual Studio Version 17
VisualStudioVersion = 17.0.31903.59
MinimumVisualStudioVersion = 10.0.40219.1
Project("{2150E333-8FDC-42A3-9474-1A3956D46DE8}") = "src", "src", "{827E0CD3-B72D-47B6-A68D-7590B98EB39B}"
EndProject
Project("{FAE04EC0-301F-11D3-BF4B-00C04F79EFBC}") = "Fences.App", "src\Fences.App\Fences.App.csproj", "{94850617-F075-4BE9-B0DE-2917A3C16177}"
EndProject
Project("{2150E333-8FDC-42A3-9474-1A3956D46DE8}") = "tools", "tools", "{07C2787E-EAC7-C090-1BA3-A61EC2A24D84}"
EndProject
Project("{FAE04EC0-301F-11D3-BF4B-00C04F79EFBC}") = "DesktopProbe", "tools\DesktopProbe\DesktopProbe.csproj", "{6931D70E-BDA8-4943-8A66-BAB93D534AEB}"
EndProject
Global
	GlobalSection(SolutionConfigurationPlatforms) = preSolution
		Debug|Any CPU = Debug|Any CPU
		Debug|x64 = Debug|x64
		Debug|x86 = Debug|x86
		Release|Any CPU = Release|Any CPU
		Release|x64 = Release|x64
		Release|x86 = Release|x86
	EndGlobalSection
	GlobalSection(ProjectConfigurationPlatforms) = postSolution
		{94850617-F075-4BE9-B0DE-2917A3C16177}.Debug|Any CPU.ActiveCfg = Debug|Any CPU
		{94850617-F075-4BE9-B0DE-2917A3C16177}.Debug|Any CPU.Build.0 = Debug|Any CPU
		{94850617-F075-4BE9-B0DE-2917A3C16177}.Debug|x64.ActiveCfg = Debug|Any CPU
		{94850617-F075-4BE9-B0DE-2917A3C16177}.Debug|x64.Build.0 = Debug|Any CPU
		{94850617-F075-4BE9-B0DE-2917A3C16177}.Debug|x86.ActiveCfg = Debug|Any CPU
		{94850617-F075-4BE9-B0DE-2917A3C16177}.Debug|x86.Build.0 = Debug|Any CPU
		{94850617-F075-4BE9-B0DE-2917A3C16177}.Release|Any CPU.ActiveCfg = Release|Any CPU
		{94850617-F075-4BE9-B0DE-2917A3C16177}.Release|Any CPU.Build.0 = Release|Any CPU
		{94850617-F075-4BE9-B0DE-2917A3C16177}.Release|x64.ActiveCfg = Release|Any CPU
		{94850617-F075-4BE9-B0DE-2917A3C16177}.Release|x64.Build.0 = Release|Any CPU
		{94850617-F075-4BE9-B0DE-2917A3C16177}.Release|x86.ActiveCfg = Release|Any CPU
		{94850617-F075-4BE9-B0DE-2917A3C16177}.Release|x86.Build.0 = Release|Any CPU
		{6931D70E-BDA8-4943-8A66-BAB93D534AEB}.Debug|Any CPU.ActiveCfg = Debug|Any CPU
		{6931D70E-BDA8-4943-8A66-BAB93D534AEB}.Debug|Any CPU.Build.0 = Debug|Any CPU
		{6931D70E-BDA8-4943-8A66-BAB93D534AEB}.Debug|x64.ActiveCfg = Debug|Any CPU
		{6931D70E-BDA8-4943-8A66-BAB93D534AEB}.Debug|x64.Build.0 = Debug|Any CPU
		{6931D70E-BDA8-4943-8A66-BAB93D534AEB}.Debug|x86.ActiveCfg = Debug|Any CPU
		{6931D70E-BDA8-4943-8A66-BAB93D534AEB}.Debug|x86.Build.0 = Debug|Any CPU
		{6931D70E-BDA8-4943-8A66-BAB93D534AEB}.Release|Any CPU.ActiveCfg = Release|Any CPU
		{6931D70E-BDA8-4943-8A66-BAB93D534AEB}.Release|Any CPU.Build.0 = Release|Any CPU
		{6931D70E-BDA8-4943-8A66-BAB93D534AEB}.Release|x64.ActiveCfg = Release|Any CPU
		{6931D70E-BDA8-4943-8A66-BAB93D534AEB}.Release|x64.Build.0 = Release|Any CPU
		{6931D70E-BDA8-4943-8A66-BAB93D534AEB}.Release|x86.ActiveCfg = Release|Any CPU
		{6931D70E-BDA8-4943-8A66-BAB93D534AEB}.Release|x86.Build.0 = Release|Any CPU
	EndGlobalSection
	GlobalSection(SolutionProperties) = preSolution
		HideSolutionNode = FALSE
	EndGlobalSection
	GlobalSection(NestedProjects) = preSolution
		{94850617-F075-4BE9-B0DE-2917A3C16177} = {827E0CD3-B72D-47B6-A68D-7590B98EB39B}
		{6931D70E-BDA8-4943-8A66-BAB93D534AEB} = {07C2787E-EAC7-C090-1BA3-A61EC2A24D84}
	EndGlobalSection
EndGlobal
